
Microsoft Visual Studio Solution File, Format Version 12.00
# Visual Studio Version 17
VisualStudioVersion = 17.12.35707.178
MinimumVisualStudioVersion = 10.0.40219.1
Project("{2150E333-8FDC-42A3-9474-1A3956D46DE8}") = "Services", "Services", "{7DDA9C17-4D2A-4C7A-8251-207E4A4B95AD}"
EndProject
Project("{2150E333-8FDC-42A3-9474-1A3956D46DE8}") = "Catalog", "Catalog", "{4454A389-BFFF-4694-A12A-26B7A0F7FED0}"
EndProject
Project("{FAE04EC0-301F-11D3-BF4B-00C04F79EFBC}") = "ETrade.Catalog", "Services\Catalog\ETrade.Catalog\ETrade.Catalog.csproj", "{2FFC4A6D-15FD-47B4-8E5C-C011EA70BD85}"
EndProject
Project("{2150E333-8FDC-42A3-9474-1A3956D46DE8}") = "Discount", "Discount", "{454457EF-2E51-4D64-95B2-AE08D1FCB97C}"
EndProject
Project("{FAE04EC0-301F-11D3-BF4B-00C04F79EFBC}") = "ETrade.Discount", "Services\Discount\ETrade.Discount\ETrade.Discount.csproj", "{DCEB70CB-C74F-4B8E-84AD-226E26FD7182}"
EndProject
Project("{2150E333-8FDC-42A3-9474-1A3956D46DE8}") = "Order", "Order", "{68A8D495-8E5E-4D2F-9239-7F0CFAC15814}"
EndProject
Project("{2150E333-8FDC-42A3-9474-1A3956D46DE8}") = "Core", "Core", "{D4315ED7-E09D-442F-B7FD-76B3C485F93D}"
EndProject
Project("{2150E333-8FDC-42A3-9474-1A3956D46DE8}") = "Infrastructure", "Infrastructure", "{33B9E2AB-E3C8-4A7E-8E04-EE8FBE0CF200}"
EndProject
Project("{2150E333-8FDC-42A3-9474-1A3956D46DE8}") = "Presentation", "Presentation", "{F372BCA2-0422-491F-A6BF-2DEC5CC75BA8}"
EndProject
Project("{FAE04EC0-301F-11D3-BF4B-00C04F79EFBC}") = "ETrade.Order.Domain", "Services\Order\Core\ETrade.Order.Domain\ETrade.Order.Domain.csproj", "{110699E8-75D7-444F-9D28-56A0B4CC67AC}"
EndProject
Project("{FAE04EC0-301F-11D3-BF4B-00C04F79EFBC}") = "ETrade.Order.Application", "Services\Order\Core\ETrade.Order.Application\ETrade.Order.Application.csproj", "{8A6CD66F-14D7-40BB-AED9-41326E57F301}"
EndProject
Project("{FAE04EC0-301F-11D3-BF4B-00C04F79EFBC}") = "ETrade.Order.Persistence", "Services\Order\Infrastructure\ETrade.Order.Persistence\ETrade.Order.Persistence.csproj", "{66CE1C22-3E7A-474D-B8BB-C1F23F5C8230}"
EndProject
Project("{FAE04EC0-301F-11D3-BF4B-00C04F79EFBC}") = "ETrade.Order.WebApi", "Services\Order\Presentation\ETrade.Order.WebApi\ETrade.Order.WebApi.csproj", "{81046CFF-ACD4-4A1A-AD08-B664635AB286}"
EndProject
Project("{2150E333-8FDC-42A3-9474-1A3956D46DE8}") = "IdentityServer", "IdentityServer", "{7E6D3430-E6D9-495A-9178-841B10D56DE1}"
EndProject
Project("{FAE04EC0-301F-11D3-BF4B-00C04F79EFBC}") = "ETrade.IdentityServer", "IdentityServer\ETrade.IdentityServer\ETrade.IdentityServer.csproj", "{A181B4D2-9FE4-4889-87B5-5C9AE5474D2A}"
EndProject
Project("{2150E333-8FDC-42A3-9474-1A3956D46DE8}") = "Requirements", "Requirements", "{917B3523-A01E-464C-A9F4-BB070DEDAADF}"
	ProjectSection(SolutionItems) = preProject
		IdentityServerVersionErrorSolution.txt = IdentityServerVersionErrorSolution.txt
		PortainerCmd.txt = PortainerCmd.txt
		PortNumbers.txt = PortNumbers.txt
	EndProjectSection
EndProject
Project("{2150E333-8FDC-42A3-9474-1A3956D46DE8}") = "Cargo", "Cargo", "{E3315A8C-0270-41BA-92FD-08028FA67588}"
EndProject
Project("{FAE04EC0-301F-11D3-BF4B-00C04F79EFBC}") = "ETrade.Cargo.EntityLayer", "Services\Cargo\ETrade.Cargo.EntityLayer\ETrade.Cargo.EntityLayer.csproj", "{4BA181A7-2518-43F8-A559-BDBD7F82E0B1}"
EndProject
Project("{FAE04EC0-301F-11D3-BF4B-00C04F79EFBC}") = "ETrade.Cargo.BusinessLayer", "Services\Cargo\ETrade.Cargo.BusinessLayer\ETrade.Cargo.BusinessLayer.csproj", "{A77F7F80-7B3B-4850-A95C-0829DE93D64B}"
EndProject
Project("{FAE04EC0-301F-11D3-BF4B-00C04F79EFBC}") = "ETrade.Cargo.DataAccessLayer", "Services\Cargo\ETrade.Cargo.DataAccessLayer\ETrade.Cargo.DataAccessLayer.csproj", "{E8495F89-5CAB-4731-8EDA-AFB8057232C4}"
EndProject
Project("{FAE04EC0-301F-11D3-BF4B-00C04F79EFBC}") = "ETrade.Cargo.DtoLayer", "Services\Cargo\ETrade.Cargo.DtoLayer\ETrade.Cargo.DtoLayer.csproj", "{539ED697-FC34-45C8-BF2C-B6F2D9660378}"
EndProject
Project("{FAE04EC0-301F-11D3-BF4B-00C04F79EFBC}") = "ETrade.Cargo.WebApi", "Services\Cargo\ETrade.Cargo.WebApi\ETrade.Cargo.WebApi.csproj", "{FE61DC4E-9358-417B-91AB-CAFB704EB135}"
EndProject
Project("{2150E333-8FDC-42A3-9474-1A3956D46DE8}") = "Basket", "Basket", "{7FBC3E83-2740-4D22-A0D0-C13F0644C5BC}"
EndProject
Project("{FAE04EC0-301F-11D3-BF4B-00C04F79EFBC}") = "ETrade.Basket", "Services\Basket\ETrade.Basket\ETrade.Basket.csproj", "{D6E4E6B9-1598-4F3D-9151-0CD543D65655}"
EndProject
Project("{2150E333-8FDC-42A3-9474-1A3956D46DE8}") = "Frontends", "Frontends", "{7194A3DB-8725-4EA1-834A-2CC237155A39}"
EndProject
Project("{FAE04EC0-301F-11D3-BF4B-00C04F79EFBC}") = "ETrade.WebUI", "Frontends\ETrade.WebUI\ETrade.WebUI.csproj", "{EC3DC8EB-F0C1-4B26-B608-688162B85002}"
EndProject
Global
	GlobalSection(SolutionConfigurationPlatforms) = preSolution
		Debug|Any CPU = Debug|Any CPU
		Release|Any CPU = Release|Any CPU
	EndGlobalSection
	GlobalSection(ProjectConfigurationPlatforms) = postSolution
		{2FFC4A6D-15FD-47B4-8E5C-C011EA70BD85}.Debug|Any CPU.ActiveCfg = Debug|Any CPU
		{2FFC4A6D-15FD-47B4-8E5C-C011EA70BD85}.Debug|Any CPU.Build.0 = Debug|Any CPU
		{2FFC4A6D-15FD-47B4-8E5C-C011EA70BD85}.Release|Any CPU.ActiveCfg = Release|Any CPU
		{2FFC4A6D-15FD-47B4-8E5C-C011EA70BD85}.Release|Any CPU.Build.0 = Release|Any CPU
		{DCEB70CB-C74F-4B8E-84AD-226E26FD7182}.Debug|Any CPU.ActiveCfg = Debug|Any CPU
		{DCEB70CB-C74F-4B8E-84AD-226E26FD7182}.Debug|Any CPU.Build.0 = Debug|Any CPU
		{DCEB70CB-C74F-4B8E-84AD-226E26FD7182}.Release|Any CPU.ActiveCfg = Release|Any CPU
		{DCEB70CB-C74F-4B8E-84AD-226E26FD7182}.Release|Any CPU.Build.0 = Release|Any CPU
		{110699E8-75D7-444F-9D28-56A0B4CC67AC}.Debug|Any CPU.ActiveCfg = Debug|Any CPU
		{110699E8-75D7-444F-9D28-56A0B4CC67AC}.Debug|Any CPU.Build.0 = Debug|Any CPU
		{110699E8-75D7-444F-9D28-56A0B4CC67AC}.Release|Any CPU.ActiveCfg = Release|Any CPU
		{110699E8-75D7-444F-9D28-56A0B4CC67AC}.Release|Any CPU.Build.0 = Release|Any CPU
		{8A6CD66F-14D7-40BB-AED9-41326E57F301}.Debug|Any CPU.ActiveCfg = Debug|Any CPU
		{8A6CD66F-14D7-40BB-AED9-41326E57F301}.Debug|Any CPU.Build.0 = Debug|Any CPU
		{8A6CD66F-14D7-40BB-AED9-41326E57F301}.Release|Any CPU.ActiveCfg = Release|Any CPU
		{8A6CD66F-14D7-40BB-AED9-41326E57F301}.Release|Any CPU.Build.0 = Release|Any CPU
		{66CE1C22-3E7A-474D-B8BB-C1F23F5C8230}.Debug|Any CPU.ActiveCfg = Debug|Any CPU
		{66CE1C22-3E7A-474D-B8BB-C1F23F5C8230}.Debug|Any CPU.Build.0 = Debug|Any CPU
		{66CE1C22-3E7A-474D-B8BB-C1F23F5C8230}.Release|Any CPU.ActiveCfg = Release|Any CPU
		{66CE1C22-3E7A-474D-B8BB-C1F23F5C8230}.Release|Any CPU.Build.0 = Release|Any CPU
		{81046CFF-ACD4-4A1A-AD08-B664635AB286}.Debug|Any CPU.ActiveCfg = Debug|Any CPU
		{81046CFF-ACD4-4A1A-AD08-B664635AB286}.Debug|Any CPU.Build.0 = Debug|Any CPU
		{81046CFF-ACD4-4A1A-AD08-B664635AB286}.Release|Any CPU.ActiveCfg = Release|Any CPU
		{81046CFF-ACD4-4A1A-AD08-B664635AB286}.Release|Any CPU.Build.0 = Release|Any CPU
		{A181B4D2-9FE4-4889-87B5-5C9AE5474D2A}.Debug|Any CPU.ActiveCfg = Debug|Any CPU
		{A181B4D2-9FE4-4889-87B5-5C9AE5474D2A}.Debug|Any CPU.Build.0 = Debug|Any CPU
		{A181B4D2-9FE4-4889-87B5-5C9AE5474D2A}.Release|Any CPU.ActiveCfg = Release|Any CPU
		{A181B4D2-9FE4-4889-87B5-5C9AE5474D2A}.Release|Any CPU.Build.0 = Release|Any CPU
		{4BA181A7-2518-43F8-A559-BDBD7F82E0B1}.Debug|Any CPU.ActiveCfg = Debug|Any CPU
		{4BA181A7-2518-43F8-A559-BDBD7F82E0B1}.Debug|Any CPU.Build.0 = Debug|Any CPU
		{4BA181A7-2518-43F8-A559-BDBD7F82E0B1}.Release|Any CPU.ActiveCfg = Release|Any CPU
		{4BA181A7-2518-43F8-A559-BDBD7F82E0B1}.Release|Any CPU.Build.0 = Release|Any CPU
		{A77F7F80-7B3B-4850-A95C-0829DE93D64B}.Debug|Any CPU.ActiveCfg = Debug|Any CPU
		{A77F7F80-7B3B-4850-A95C-0829DE93D64B}.Debug|Any CPU.Build.0 = Debug|Any CPU
		{A77F7F80-7B3B-4850-A95C-0829DE93D64B}.Release|Any CPU.ActiveCfg = Release|Any CPU
		{A77F7F80-7B3B-4850-A95C-0829DE93D64B}.Release|Any CPU.Build.0 = Release|Any CPU
		{E8495F89-5CAB-4731-8EDA-AFB8057232C4}.Debug|Any CPU.ActiveCfg = Debug|Any CPU
		{E8495F89-5CAB-4731-8EDA-AFB8057232C4}.Debug|Any CPU.Build.0 = Debug|Any CPU
		{E8495F89-5CAB-4731-8EDA-AFB8057232C4}.Release|Any CPU.ActiveCfg = Release|Any CPU
		{E8495F89-5CAB-4731-8EDA-AFB8057232C4}.Release|Any CPU.Build.0 = Release|Any CPU
		{539ED697-FC34-45C8-BF2C-B6F2D9660378}.Debug|Any CPU.ActiveCfg = Debug|Any CPU
		{539ED697-FC34-45C8-BF2C-B6F2D9660378}.Debug|Any CPU.Build.0 = Debug|Any CPU
		{539ED697-FC34-45C8-BF2C-B6F2D9660378}.Release|Any CPU.ActiveCfg = Release|Any CPU
		{539ED697-FC34-45C8-BF2C-B6F2D9660378}.Release|Any CPU.Build.0 = Release|Any CPU
		{FE61DC4E-9358-417B-91AB-CAFB704EB135}.Debug|Any CPU.ActiveCfg = Debug|Any CPU
		{FE61DC4E-9358-417B-91AB-CAFB704EB135}.Debug|Any CPU.Build.0 = Debug|Any CPU
		{FE61DC4E-9358-417B-91AB-CAFB704EB135}.Release|Any CPU.ActiveCfg = Release|Any CPU
		{FE61DC4E-9358-417B-91AB-CAFB704EB135}.Release|Any CPU.Build.0 = Release|Any CPU
		{D6E4E6B9-1598-4F3D-9151-0CD543D65655}.Debug|Any CPU.ActiveCfg = Debug|Any CPU
		{D6E4E6B9-1598-4F3D-9151-0CD543D65655}.Debug|Any CPU.Build.0 = Debug|Any CPU
		{D6E4E6B9-1598-4F3D-9151-0CD543D65655}.Release|Any CPU.ActiveCfg = Release|Any CPU
		{D6E4E6B9-1598-4F3D-9151-0CD543D65655}.Release|Any CPU.Build.0 = Release|Any CPU
		{EC3DC8EB-F0C1-4B26-B608-688162B85002}.Debug|Any CPU.ActiveCfg = Debug|Any CPU
		{EC3DC8EB-F0C1-4B26-B608-688162B85002}.Debug|Any CPU.Build.0 = Debug|Any CPU
		{EC3DC8EB-F0C1-4B26-B608-688162B85002}.Release|Any CPU.ActiveCfg = Release|Any CPU
		{EC3DC8EB-F0C1-4B26-B608-688162B85002}.Release|Any CPU.Build.0 = Release|Any CPU
	EndGlobalSection
	GlobalSection(SolutionProperties) = preSolution
		HideSolutionNode = FALSE
	EndGlobalSection
	GlobalSection(NestedProjects) = preSolution
		{4454A389-BFFF-4694-A12A-26B7A0F7FED0} = {7DDA9C17-4D2A-4C7A-8251-207E4A4B95AD}
		{2FFC4A6D-15FD-47B4-8E5C-C011EA70BD85} = {4454A389-BFFF-4694-A12A-26B7A0F7FED0}
		{454457EF-2E51-4D64-95B2-AE08D1FCB97C} = {7DDA9C17-4D2A-4C7A-8251-207E4A4B95AD}
		{DCEB70CB-C74F-4B8E-84AD-226E26FD7182} = {454457EF-2E51-4D64-95B2-AE08D1FCB97C}
		{68A8D495-8E5E-4D2F-9239-7F0CFAC15814} = {7DDA9C17-4D2A-4C7A-8251-207E4A4B95AD}
		{D4315ED7-E09D-442F-B7FD-76B3C485F93D} = {68A8D495-8E5E-4D2F-9239-7F0CFAC15814}
		{33B9E2AB-E3C8-4A7E-8E04-EE8FBE0CF200} = {68A8D495-8E5E-4D2F-9239-7F0CFAC15814}
		{F372BCA2-0422-491F-A6BF-2DEC5CC75BA8} = {68A8D495-8E5E-4D2F-9239-7F0CFAC15814}
		{110699E8-75D7-444F-9D28-56A0B4CC67AC} = {D4315ED7-E09D-442F-B7FD-76B3C485F93D}
		{8A6CD66F-14D7-40BB-AED9-41326E57F301} = {D4315ED7-E09D-442F-B7FD-76B3C485F93D}
		{66CE1C22-3E7A-474D-B8BB-C1F23F5C8230} = {33B9E2AB-E3C8-4A7E-8E04-EE8FBE0CF200}
		{81046CFF-ACD4-4A1A-AD08-B664635AB286} = {F372BCA2-0422-491F-A6BF-2DEC5CC75BA8}
		{A181B4D2-9FE4-4889-87B5-5C9AE5474D2A} = {7E6D3430-E6D9-495A-9178-841B10D56DE1}
		{E3315A8C-0270-41BA-92FD-08028FA67588} = {7DDA9C17-4D2A-4C7A-8251-207E4A4B95AD}
		{4BA181A7-2518-43F8-A559-BDBD7F82E0B1} = {E3315A8C-0270-41BA-92FD-08028FA67588}
		{A77F7F80-7B3B-4850-A95C-0829DE93D64B} = {E3315A8C-0270-41BA-92FD-08028FA67588}
		{E8495F89-5CAB-4731-8EDA-AFB8057232C4} = {E3315A8C-0270-41BA-92FD-08028FA67588}
		{539ED697-FC34-45C8-BF2C-B6F2D9660378} = {E3315A8C-0270-41BA-92FD-08028FA67588}
		{FE61DC4E-9358-417B-91AB-CAFB704EB135} = {E3315A8C-0270-41BA-92FD-08028FA67588}
		{7FBC3E83-2740-4D22-A0D0-C13F0644C5BC} = {7DDA9C17-4D2A-4C7A-8251-207E4A4B95AD}
		{D6E4E6B9-1598-4F3D-9151-0CD543D65655} = {7FBC3E83-2740-4D22-A0D0-C13F0644C5BC}
		{EC3DC8EB-F0C1-4B26-B608-688162B85002} = {7194A3DB-8725-4EA1-834A-2CC237155A39}
	EndGlobalSection
EndGlobal
